schema: '2.0'
stages:
  schema:
    cmd: python -m boilerdata.stages.schema
    deps:
    - path: data/axes
      md5: 45b652ccabd4cc7c61f64caa7472bdc3.dir
      size: 958
      nfiles: 2
    - path: src/boilerdata/models
      md5: e751795a602878fbdd4d4ef55982db53.dir
      size: 64763
      nfiles: 16
    - path: src/boilerdata/stages/schema.py
      md5: cb9547fdf4dfd06c03baef2588464b28
      size: 843
    outs:
    - path: data/schema
      md5: 17c6bb1dc6ee6db4bdd3dc4a6eda8936.dir
      size: 26259
      nfiles: 3
  modelfun:
    cmd: papermill src/boilerdata/stages/notebooks/modelfun.ipynb NUL
    deps:
    - path: data/axes
      md5: 45b652ccabd4cc7c61f64caa7472bdc3.dir
      size: 958
      nfiles: 2
    - path: src/boilerdata/models/dirs.py
      md5: de772097db45a10696e2640c9b13de10
      size: 5915
    - path: src/boilerdata/models/project.py
      md5: 7c722908ebe9832e8b8680fc06a57821
      size: 1487
    - path: src/boilerdata/stages/notebooks/modelfun.ipynb
      md5: c7d7cbcc2c429c8ad2d1c4dc27a563fb
      size: 15287
    params:
      params.yaml:
        params.fixed_params:
        - k
        - h_w
        params.model_inputs:
          r: 0.0047625
          T_infa: 25
          T_infw: 100
          x_s: 0
          x_wa: 0.0381
        params.model_params:
        - T_s
        - q_s
        - k
        - h_a
        - h_w
    outs:
    - path: data/modelfun
      md5: 927a4e5b9a2734c4fb120f4d8b637037.dir
      size: 46744
      nfiles: 1
  runs:
    cmd: python -m boilerdata.stages.prep.runs
    deps:
    - path: data/axes
      md5: 45b652ccabd4cc7c61f64caa7472bdc3.dir
      size: 958
      nfiles: 2
    - path: data/curves
      md5: 438ac642116158005c9a4ae9ecb5f819.dir
      size: 103226338
      nfiles: 401
    - path: src/boilerdata/models/axes.py
      md5: 78c6258471317bb08e14f042295fac78
      size: 4351
    - path: src/boilerdata/models/dirs.py
      md5: de772097db45a10696e2640c9b13de10
      size: 5915
    - path: src/boilerdata/models/trials.py
      md5: a9ddf743f216d8357d24f292c1de48b8
      size: 3902
    - path: src/boilerdata/stages/prep/runs.py
      md5: 16e9fa1802e9fe78d172fc9520e14fca
      size: 1754
    params:
      params.yaml:
        params.records_to_average: 9
    outs:
    - path: data/runs
      md5: 8c10394d339392419f59e52a796ec253.dir
      size: 1002736
      nfiles: 1
  pipeline:
    cmd: python -m boilerdata.stages.pipeline
    deps:
    - path: data/benchmarks_parsed
      md5: 838bf4e6e1c7dcdf45b9fe924d79c5b6.dir
      size: 302
      nfiles: 1
    - path: data/modelfun
      md5: 927a4e5b9a2734c4fb120f4d8b637037.dir
      size: 46744
      nfiles: 1
    - path: data/runs
      md5: 8c10394d339392419f59e52a796ec253.dir
      size: 1002736
      nfiles: 1
    - path: src/boilerdata/stages/pipeline.py
      md5: 4bf680c6f3007b076be0f20ce0c5a3f8
      size: 8979
    - path: src/boilerdata/validation.py
      md5: 6a8fbac54635b8e0448c257378ff2bca
      size: 4320
    params:
      params.yaml:
        params.fit_method: trf
        params.initial_values:
          T_s: 95
          q_s: 0
          k: 400
          h_a: 0
          h_w: 0
        params.model_bounds:
          T_s:
          - -inf
          - inf
          q_s:
          - -inf
          - inf
          k:
          - 350
          - 450
          h_a:
          - -inf
          - inf
          h_w:
          - -inf
          - inf
    outs:
    - path: data/results
      md5: 8fd9233cf5fe53e15ff6dfb3d076eaff.dir
      size: 235130
      nfiles: 1
  metrics:
    cmd: papermill src/boilerdata/stages/notebooks/metrics.ipynb NUL
    deps:
    - path: data/results
      md5: 8fd9233cf5fe53e15ff6dfb3d076eaff.dir
      size: 235130
      nfiles: 1
    - path: src/boilerdata/stages/notebooks/metrics.ipynb
      md5: 566cd9d54d0f9fdbc4063f18ca473c0c
      size: 7557
    params:
      params.yaml:
        params.do_plot: true
    outs:
    - path: data/metrics/plots/error_T_s.png
      md5: eb0fc9e4a7d8d3f681712e5485eedea6
      size: 122679
    - path: data/metrics/plots/error_h_a.png
      md5: fe5f6f59653c18b064e6edd4f24e53f0
      size: 200120
    - path: data/metrics/plots/error_q_s.png
      md5: ea43e699bcbfd61a0aaecfb3f1b1dc8e
      size: 171453
    - path: data/metrics/plots/new_fit_0.png
      md5: 5aeeb0a2e6100c2d80cf4edcc5dbc903
      size: 119322
    - path: data/metrics/plots/new_fit_1.png
      md5: e16b88492f451b014b2cc2224ae21c56
      size: 113970
    - path: data/metrics/plots/new_fit_2.png
      md5: f8f4d449fa5f1a0768d3979c975de2a6
      size: 125344
    - path: data/metrics/tables/pipeline_metrics.json
      md5: 1aa224e207ef9602b1fa51fe360d52c2
      size: 207
  literature:
    cmd: python -m boilerdata.stages.literature
    deps:
    - path: data/literature
      md5: 2ac09267e0c86071f10fc10bd0b30d6e.dir
      size: 321985
      nfiles: 9
    - path: src/boilerdata/models/dirs.py
      md5: de772097db45a10696e2640c9b13de10
      size: 5915
    - path: src/boilerdata/stages/literature.py
      md5: 6747ff4e69c23cc379e4c8cd862894ed
      size: 3369
    outs:
    - path: data/literature_results
      md5: 2083876e4c9287bf376a02427b093bca.dir
      size: 27127
      nfiles: 1
  axes:
    cmd: python -m boilerdata.stages.axes
    deps:
    - path: config/axes.yaml
      md5: 9748e924133c725651afdd88d7a4059e
      size: 2320
    - path: src/boilerdata/models/axes.py
      md5: 78c6258471317bb08e14f042295fac78
      size: 4351
    - path: src/boilerdata/models/dirs.py
      md5: de772097db45a10696e2640c9b13de10
      size: 5915
    - path: src/boilerdata/stages/axes.py
      md5: fa810bf0a2571b74d17010f76ec95151
      size: 1320
    - path: src/boilerdata/stages/setup.py
      md5: 7f7e818f303f8d8d1018156b820492ef
      size: 733
    outs:
    - path: data/axes
      md5: 45b652ccabd4cc7c61f64caa7472bdc3.dir
      size: 958
      nfiles: 2
  originlab:
    cmd: python -m boilerdata.stages.originlab
    deps:
    - path: data/literature_results
      md5: 2083876e4c9287bf376a02427b093bca.dir
      size: 27127
      nfiles: 1
    - path: data/plotter
      md5: 3ea556d4f9b1bcdbb1d73e4c0c13a0c0.dir
      size: 346341
      nfiles: 1
    - path: data/results
      md5: 8fd9233cf5fe53e15ff6dfb3d076eaff.dir
      size: 235130
      nfiles: 1
    - path: src/boilerdata/stages/originlab.py
      md5: 223c915352537e417a9e9a38d78c0ef3
      size: 2921
    outs:
    - path: data/metrics/originlab_plots/lit.png
      md5: 5647fcf97b36547042a43a7a57122dd3
      size: 141883
    - path: data/metrics/originlab_plots/low.png
      md5: 6f61d0c27e47203ce39a79f206e4dc2f
      size: 131899
    - path: data/originlab_results
      md5: 709f9028bbd698ba748b62b9419e6a56.dir
      size: 234129
      nfiles: 1
  dirs:
    cmd: python -m boilerdata.stages.dirs
    deps:
    - path: src/boilerdata/models/dirs.py
      md5: fea6bebd8bf41de2a6c6cd8aaf43f02e
      size: 4107
    - path: src/boilerdata/stages/dirs.py
      md5: bbe80847af25be64a7b18207b097a86e
      size: 467
    outs:
    - path: data/dirs
      md5: 09ed2623003318b371fc7cb70c834f2a.dir
      size: 2209
      nfiles: 1
  associate_benchmarks:
    cmd: python -m boilerdata.stages.prep.associate_benchmarks
    deps:
    - path: data/benchmarks
      md5: 479a0dd8c0b2304c2257df37be190ad8.dir
      size: 1501194
      nfiles: 5
    - path: data/runs
      md5: ee5866df2c07ee4e2f26fa099618d7a8.dir
      size: 1009895
      nfiles: 1
    outs:
    - path: data/runs_with_benchmarks
      md5: 5fe0d2f7d0bb11252c23c182bc93ff02.dir
      size: 1009565
      nfiles: 1
  parse_benchmarks:
    cmd: python -m boilerdata.stages.prep.parse_benchmarks
    deps:
    - path: data/axes
      md5: 45b652ccabd4cc7c61f64caa7472bdc3.dir
      size: 958
      nfiles: 2
    - path: data/benchmarks
      md5: 576b5ae374ca9d3b01d5f99dfe89947a.dir
      size: 673801
      nfiles: 2
    - path: src/boilerdata/stages/prep/parse_benchmarks.py
      md5: e8a21d4b9060c0d8dadc89a7befd768e
      size: 1443
    outs:
    - path: data/benchmarks_parsed
      md5: 838bf4e6e1c7dcdf45b9fe924d79c5b6.dir
      size: 302
      nfiles: 1
