schema: '2.0'
stages:
  schema:
    cmd: python -m boilerdata.stages.schema
    deps:
    - path: data/axes
      md5: 08adfe36113c1193783b1cd3f3828cc7.dir
      size: 1001
      nfiles: 2
    - path: src/boilerdata/models
      md5: e68571c70b8841a6db225bcedecbade0.dir
      size: 63029
      nfiles: 17
    - path: src/boilerdata/stages/schema.py
      md5: cb9547fdf4dfd06c03baef2588464b28
      size: 843
    outs:
    - path: data/schema
      md5: bed055e71a97a04f15028ebc05a6e200.dir
      size: 24418
      nfiles: 3
  modelfun:
    cmd: papermill src/boilerdata/stages/notebooks/modelfun.ipynb NUL
    deps:
    - path: data/axes
      md5: 08adfe36113c1193783b1cd3f3828cc7.dir
      size: 1001
      nfiles: 2
    - path: src/boilerdata/models
      md5: e68571c70b8841a6db225bcedecbade0.dir
      size: 63029
      nfiles: 17
    - path: src/boilerdata/stages/notebooks/modelfun.ipynb
      md5: e1d2526dc0dfa402c0b03a576a069d18
      size: 16384
    params:
      params.yaml:
        params.fixed_params:
        - k
        - h_w
        params.model_inputs:
          r: 0.0047625
          T_infa: 25
          T_infw: 100
          x_s: 0
          x_wa: 0.0381
        params.model_params:
        - T_s
        - q_s
        - k
        - h_a
        - h_w
    outs:
    - path: data/modelfun
      md5: 997cbc7fd6bc82e2f3ef361504f777bb.dir
      size: 46425
      nfiles: 1
  runs:
    cmd: python -m boilerdata.stages.runs
    deps:
    - path: data/axes
      md5: 08adfe36113c1193783b1cd3f3828cc7.dir
      size: 1001
      nfiles: 2
    - path: data/curves
      md5: 438ac642116158005c9a4ae9ecb5f819.dir
      size: 103226338
      nfiles: 401
    - path: src/boilerdata/models
      md5: e68571c70b8841a6db225bcedecbade0.dir
      size: 63029
      nfiles: 17
    - path: src/boilerdata/stages/runs.py
      md5: 30d3120e3fa57fb213f539228967cbbe
      size: 3162
    params:
      params.yaml:
        params.records_to_average: 9
    outs:
    - path: data/runs
      md5: ee5866df2c07ee4e2f26fa099618d7a8.dir
      size: 1009895
      nfiles: 1
  pipeline:
    cmd: python -m boilerdata.stages.pipeline
    deps:
    - path: data/modelfun
      md5: 997cbc7fd6bc82e2f3ef361504f777bb.dir
      size: 46425
      nfiles: 1
    - path: data/runs
      md5: ee5866df2c07ee4e2f26fa099618d7a8.dir
      size: 1009895
      nfiles: 1
    - path: src/boilerdata/stages/pipeline.py
      md5: 6cab66043baafd2c7de581c5ab199f4e
      size: 8629
    - path: src/boilerdata/validation.py
      md5: 89dcf57bffadc8d6b61b9d537ff78397
      size: 4446
    params:
      params.yaml:
        params.initial_values:
          T_s: 95
          q_s: 0
          k: 400
          h_a: 0
          h_w: 0
        params.model_bounds:
          T_s:
          - 95
          - inf
          q_s:
          - 0
          - inf
          k:
          - 350
          - 450
          h_a:
          - 0
          - inf
          h_w:
          - 0
          - inf
    outs:
    - path: data/results
      md5: 5bc4facb51e76ab8563411f43d93897b.dir
      size: 238372
      nfiles: 1
  metrics:
    cmd: papermill src/boilerdata/stages/notebooks/metrics.ipynb NUL
    deps:
    - path: data/results
      md5: 5bc4facb51e76ab8563411f43d93897b.dir
      size: 238372
      nfiles: 1
    - path: src/boilerdata/stages/notebooks/metrics.ipynb
      md5: b8537a51a49492124a89e97666c927a7
      size: 7254
    params:
      params.yaml:
        params.do_plot: true
    outs:
    - path: data/metrics/plots/error_T_s.png
      md5: 3e54e9f9de2575a1f988ff7edac4ec38
      size: 114257
    - path: data/metrics/plots/error_h_a.png
      md5: d2b2cd60efe48223622172823330d48d
      size: 220510
    - path: data/metrics/plots/error_q_s.png
      md5: 65a67425735763de1a563a4f9dba356b
      size: 171351
    - path: data/metrics/plots/new_fit_0.png
      md5: cc64658f0c09d87aae96bda099935bb2
      size: 102304
    - path: data/metrics/plots/new_fit_1.png
      md5: 778da735c874e8f585c1a9a13b1a9e16
      size: 119326
    - path: data/metrics/plots/new_fit_2.png
      md5: 2999d1989a08acc8b35e237324209775
      size: 132915
    - path: data/metrics/tables/pipeline_metrics.json
      md5: 1914921fcd8c34e1db375ab200444607
      size: 144
  literature:
    cmd: python -m boilerdata.stages.literature
    deps:
    - path: data/literature
      md5: 2ac09267e0c86071f10fc10bd0b30d6e.dir
      size: 321985
      nfiles: 9
    - path: src/boilerdata/models/dirs.py
      md5: 2a683b8c78d77e79b1192c1a4a87df63
      size: 4587
    - path: src/boilerdata/stages/literature.py
      md5: fe6bb66ba942704e5bf52e4647a4ceb1
      size: 3371
    outs:
    - path: data/literature_results
      md5: 2083876e4c9287bf376a02427b093bca.dir
      size: 27127
      nfiles: 1
  axes:
    cmd: python -m boilerdata.stages.axes
    deps:
    - path: config/axes.yaml
      md5: 948d3e8a54f737169c322ddfdd359fab
      size: 2505
    - path: src/boilerdata/models/axes.py
      md5: 27d4a58d6c3cc77841bc20fbda168d80
      size: 4353
    - path: src/boilerdata/models/dirs.py
      md5: 2a683b8c78d77e79b1192c1a4a87df63
      size: 4587
    - path: src/boilerdata/stages/axes.py
      md5: 85d884316f153228b1f51f921c98a8e1
      size: 1898
    - path: src/boilerdata/stages/setup.py
      md5: 86fc82ee07b4f358c87b054e8362f1e7
      size: 460
    outs:
    - path: data/axes
      md5: 08adfe36113c1193783b1cd3f3828cc7.dir
      size: 1001
      nfiles: 2
  originlab:
    cmd: python -m boilerdata.stages.originlab
    deps:
    - path: data/literature_results
      md5: 2083876e4c9287bf376a02427b093bca.dir
      size: 27127
      nfiles: 1
    - path: data/plotter
      md5: 45836a5f5656f2cab1b9acaed044ea63.dir
      size: 320923
      nfiles: 1
    - path: data/results
      md5: 5bc4facb51e76ab8563411f43d93897b.dir
      size: 238372
      nfiles: 1
    - path: src/boilerdata/stages/originlab.py
      md5: 31da88156a8d62aa3852ca973337522d
      size: 2907
    outs:
    - path: data/metrics/lit_.png
      md5: 85622f68774aa4516057d6fcedfed985
      size: 39915
    - path: data/originlab_results
      md5: 823824f3e8299008f49edb2b128d330b.dir
      size: 237363
      nfiles: 1
  dirs:
    cmd: python -m boilerdata.stages.dirs
    deps:
    - path: src/boilerdata/models/dirs.py
      md5: fea6bebd8bf41de2a6c6cd8aaf43f02e
      size: 4107
    - path: src/boilerdata/stages/dirs.py
      md5: bbe80847af25be64a7b18207b097a86e
      size: 467
    outs:
    - path: data/dirs
      md5: 09ed2623003318b371fc7cb70c834f2a.dir
      size: 2209
      nfiles: 1
