schema: '2.0'
stages:
  schema:
    cmd: python -m boilerdata.stages.schema
    deps:
    - path: config
      md5: 889abd19c5deabba9bf232d42d38b7d3.dir
      size: 7561
      nfiles: 2
    - path: src/boilerdata/models
      md5: ed49dc5d32ef917cbdf0610231813839.dir
      size: 72306
      nfiles: 19
    - path: src/boilerdata/stages/schema.py
      md5: 0106ba329192f085f501ac35de5b04ff
      size: 1568
    outs:
    - path: data/schema
      md5: a68a0eb75015a52c6bd35b3c97a75c9c.dir
      size: 28750
      nfiles: 4
  modelfun:
    cmd: jupyter execute src/boilerdata/stages/modelfun.ipynb
    deps:
    - path: data/axes
      md5: abc11f9da7d32793e1a20330a9fc5c31.dir
      size: 959
      nfiles: 1
    - path: src/boilerdata/stages/modelfun.ipynb
      md5: 208a71788cacf941a6493b629c1c0547
      size: 20555
    outs:
    - path: data/modelfun
      md5: 37275054baa619dd065af9798a27c05d.dir
      size: 46290
      nfiles: 1
  runs:
    cmd: python -m boilerdata.stages.runs
    deps:
    - path: data/axes
      md5: abc11f9da7d32793e1a20330a9fc5c31.dir
      size: 959
      nfiles: 1
    - path: data/curves
      md5: 438ac642116158005c9a4ae9ecb5f819.dir
      size: 103226338
      nfiles: 401
    - path: src/boilerdata/stages/runs.py
      md5: 945f75deb7cf8691edc4005b2471324b
      size: 3220
    outs:
    - path: data/runs
      md5: ee5866df2c07ee4e2f26fa099618d7a8.dir
      size: 1009895
      nfiles: 1
  pipeline:
    cmd: python -m boilerdata.stages.pipeline
    deps:
    - path: data/modelfun
      md5: 37275054baa619dd065af9798a27c05d.dir
      size: 46290
      nfiles: 1
    - path: data/runs
      md5: ee5866df2c07ee4e2f26fa099618d7a8.dir
      size: 1009895
      nfiles: 1
    - path: src/boilerdata/stages/pipeline.py
      md5: e064b3ad2d5e56ccccbed1e28dc2463d
      size: 8371
    outs:
    - path: data/results
      md5: 7fe482a79c42864c0bb1833bab76519c.dir
      size: 238439
      nfiles: 1
  metrics:
    cmd: python -m boilerdata.stages.metrics
    deps:
    - path: data/results
      md5: 7fe482a79c42864c0bb1833bab76519c.dir
      size: 238439
      nfiles: 1
    - path: src/boilerdata/stages/metrics.py
      md5: 46d6eb324b70d0a6a0b2596295b0a670
      size: 6116
    outs:
    - path: data/metrics/first_new_fit.png
      md5: b1afcaf847229d5994e7d1ca66e51730
      size: 100225
    - path: data/metrics/last_new_fit.png
      md5: f15affe336f50e07952f376abd8102a1
      size: 119560
    - path: data/metrics/new_fits
      md5: 84cc13e22ded53f241bb16d725aa6e92.dir
      size: 1258103
      nfiles: 11
    - path: data/metrics/pipeline_metrics.json
      md5: a2482c1928123b493c4fde685517a62e
      size: 775
    - path: data/metrics/pipeline_metrics.png
      md5: 81fc4632b7690c6094465d9d07593a3a
      size: 107207
  literature:
    cmd: python -m boilerdata.stages.literature
    deps:
    - path: data/literature
      md5: 2ac09267e0c86071f10fc10bd0b30d6e.dir
      size: 321985
      nfiles: 9
    - path: data/schema
      md5: 176f7a4b6bf2d76feef80addec364063.dir
      size: 25409
      nfiles: 4
    - path: src/boilerdata/stages/literature.py
      md5: 83661520bdd5a68529a6ae12b3b24a80
      size: 3568
    outs:
    - path: data/literature_results
      md5: 2083876e4c9287bf376a02427b093bca.dir
      size: 27127
      nfiles: 1
  axes:
    cmd: python -m boilerdata.stages.axes
    deps:
    - path: config/axes.yaml
      md5: 948d3e8a54f737169c322ddfdd359fab
      size: 2505
    - path: src/boilerdata/models/axes.py
      md5: d9e8d6f7e252887871d2c66fc5d5b9a8
      size: 4288
    - path: src/boilerdata/stages/axes.py
      md5: 85d884316f153228b1f51f921c98a8e1
      size: 1898
    outs:
    - path: data/axes
      md5: abc11f9da7d32793e1a20330a9fc5c31.dir
      size: 959
      nfiles: 1
